# Cross-Python Release Candidate packaging-tool compatibility lock.
# These universal wheels must match requirements-release-build.lock; install
# with --require-hashes --only-binary=:all: --no-deps on CPython 3.11-3.13.

pip==26.2.1 --hash=sha256:71138adf1f4ca900cdb7d289c21b7494329f2332b6d85f0e1c42108c0384ed3e
wheel==0.46.2 --hash=sha256:33ae60725d69eaa249bc1982e739943c23b34b58d51f1cb6253453773aca6e65
